
Microsoft Visual Studio Solution File, Format Version 12.00
# Visual Studio Version 16
VisualStudioVersion = 16.0.29728.190
MinimumVisualStudioVersion = 10.0.40219.1
Project("{FAE04EC0-301F-11D3-BF4B-00C04F79EFBC}") = "AddMassElement", "AddMassElement\AddMassElement.csproj", "{A3D1DC53-902E-4D2B-8341-66FB4E48BB3A}"
EndProject
Global
	GlobalSection(SolutionConfigurationPlatforms) = preSolution
		Debug|Any CPU = Debug|Any CPU
		Release|Any CPU = Release|Any CPU
	EndGlobalSection
	GlobalSection(ProjectConfigurationPlatforms) = postSolution
		{A3D1DC53-902E-4D2B-8341-66FB4E48BB3A}.Debug|Any CPU.ActiveCfg = Debug|Any CPU
		{A3D1DC53-902E-4D2B-8341-66FB4E48BB3A}.Debug|Any CPU.Build.0 = Debug|Any CPU
		{A3D1DC53-902E-4D2B-8341-66FB4E48BB3A}.Release|Any CPU.ActiveCfg = Release|Any CPU
		{A3D1DC53-902E-4D2B-8341-66FB4E48BB3A}.Release|Any CPU.Build.0 = Release|Any CPU
	EndGlobalSection
	GlobalSection(SolutionProperties) = preSolution
		HideSolutionNode = FALSE
	EndGlobalSection
	GlobalSection(ExtensibilityGlobals) = postSolution
		SolutionGuid = {14797C6F-49E0-42D4-BBAC-FC26AD5474E1}
	EndGlobalSection
EndGlobal
