
Microsoft Visual Studio Solution File, Format Version 12.00
# Visual Studio Version 16
VisualStudioVersion = 16.0.29728.190
MinimumVisualStudioVersion = 10.0.40219.1
Project("{FAE04EC0-301F-11D3-BF4B-00C04F79EFBC}") = "AboutMaxMinElements", "AboutMaxMinElements\AboutMaxMinElements.csproj", "{CC465890-060F-48DB-A6D9-013AB4D4649F}"
EndProject
Global
	GlobalSection(SolutionConfigurationPlatforms) = preSolution
		Debug|Any CPU = Debug|Any CPU
		Release|Any CPU = Release|Any CPU
	EndGlobalSection
	GlobalSection(ProjectConfigurationPlatforms) = postSolution
		{CC465890-060F-48DB-A6D9-013AB4D4649F}.Debug|Any CPU.ActiveCfg = Debug|Any CPU
		{CC465890-060F-48DB-A6D9-013AB4D4649F}.Debug|Any CPU.Build.0 = Debug|Any CPU
		{CC465890-060F-48DB-A6D9-013AB4D4649F}.Release|Any CPU.ActiveCfg = Release|Any CPU
		{CC465890-060F-48DB-A6D9-013AB4D4649F}.Release|Any CPU.Build.0 = Release|Any CPU
	EndGlobalSection
	GlobalSection(SolutionProperties) = preSolution
		HideSolutionNode = FALSE
	EndGlobalSection
	GlobalSection(ExtensibilityGlobals) = postSolution
		SolutionGuid = {EB3E0164-F553-4F26-9B78-41917BEC2F9A}
	EndGlobalSection
EndGlobal
